
Microsoft Visual Studio Solution File, Format Version 12.00
# Visual Studio Version 17
VisualStudioVersion = 17.2.32616.157
MinimumVisualStudioVersion = 10.0.40219.1
Project("{FAE04EC0-301F-11D3-BF4B-00C04F79EFBC}") = "prjChuju", "prjChuju\prjChuju.csproj", "{048BB5BD-F7F2-42D5-BED1-F491AAE3749A}"
EndProject
Global
	GlobalSection(SolutionConfigurationPlatforms) = preSolution
		Debug|Any CPU = Debug|Any CPU
		Release|Any CPU = Release|Any CPU
	EndGlobalSection
	GlobalSection(ProjectConfigurationPlatforms) = postSolution
		{048BB5BD-F7F2-42D5-BED1-F491AAE3749A}.Debug|Any CPU.ActiveCfg = Debug|Any CPU
		{048BB5BD-F7F2-42D5-BED1-F491AAE3749A}.Debug|Any CPU.Build.0 = Debug|Any CPU
		{048BB5BD-F7F2-42D5-BED1-F491AAE3749A}.Release|Any CPU.ActiveCfg = Release|Any CPU
		{048BB5BD-F7F2-42D5-BED1-F491AAE3749A}.Release|Any CPU.Build.0 = Release|Any CPU
	EndGlobalSection
	GlobalSection(SolutionProperties) = preSolution
		HideSolutionNode = FALSE
	EndGlobalSection
	GlobalSection(ExtensibilityGlobals) = postSolution
		SolutionGuid = {722D5C0C-4744-4918-A2B3-F06902E77962}
	EndGlobalSection
EndGlobal
